Microsoft Visual Studio Solution File, Format Version 12.00
# Visual Studio 2012
Project("{2150E333-8FDC-42A3-9474-1A3956D46DE8}") = "Tests", "Tests", "{38E9A7C5-B835-448B-880F-ACCE165A2A90}"
EndProject
Project("{2150E333-8FDC-42A3-9474-1A3956D46DE8}") = "Pods", "Pods", "{35E4327B-12A8-44C3-B920-C4C6EE260D60}"
EndProject
Project("{2150E333-8FDC-42A3-9474-1A3956D46DE8}") = "Libraris", "Libraris", "{CEC73CA7-B6B5-49BB-ACA3-A2216C10083C}"
EndProject
Project("{8BC9CEB8-8B4A-11D0-8D11-00A0C91BC942}") = "Rippl", "Rippl\Rippl.vcxproj", "{ACF994A3-BBCF-44D4-A783-D5E176B9771F}"
EndProject
Project("{8BC9CEB8-8B4A-11D0-8D11-00A0C91BC942}") = "SDL2", "..\SDL-2.0.0-6373\VisualC\SDL\SDL_VS2008.vcxproj", "{81CE8DAF-EBB2-4761-8E45-B71ABCCA8C68}"
EndProject
Project("{8BC9CEB8-8B4A-11D0-8D11-00A0C91BC942}") = "SDL2main", "..\SDL-2.0.0-6373\VisualC\SDLmain\SDLmain_VS2008.vcxproj", "{DA956FD3-E142-46F2-9DD5-C78BEBB56B7A}"
EndProject
Project("{8BC9CEB8-8B4A-11D0-8D11-00A0C91BC942}") = "Test Interfaces", "Test Interfaces\Test Interfaces.vcxproj", "{DE41B54E-63C9-49B0-81AB-15907534CCCB}"
EndProject
Project("{8BC9CEB8-8B4A-11D0-8D11-00A0C91BC942}") = "Test_Scope", "Test_Scope\Test_Scope.vcxproj", "{783E132D-D30B-4787-A09E-499152B68A60}"
EndProject
Project("{8BC9CEB8-8B4A-11D0-8D11-00A0C91BC942}") = "SDL_image", "..\SDL_Image\VisualC\SDL_image.vcxproj", "{2BD5534E-00E2-4BEA-AC96-D9A92EA24696}"
EndProject
Project("{8BC9CEB8-8B4A-11D0-8D11-00A0C91BC942}") = "rstr", "rstr\rstr.vcxproj", "{D1F69981-F58E-46FB-99A8-18DF89BFA925}"
EndProject
Project("{8BC9CEB8-8B4A-11D0-8D11-00A0C91BC942}") = "yaml-cpp shared md", "..\yaml-cpp\build\yaml-cpp.vcxproj", "{137B85C1-682C-4ADA-9805-8578A6378735}"
EndProject
Project("{8BC9CEB8-8B4A-11D0-8D11-00A0C91BC942}") = "Pod Lib", "Pod Lib\Pod Lib.vcxproj", "{DEA77913-E936-4FB5-B730-ED12AE6BC962}"
EndProject
Project("{8BC9CEB8-8B4A-11D0-8D11-00A0C91BC942}") = "Generic MIDI (Windows)", "Pod Projects\Generic MIDI (Windows)\Generic MIDI (Windows).vcxproj", "{D7B0D461-E5E9-484A-BF0E-7E9C5BC63464}"
EndProject
Global
	GlobalSection(SolutionConfigurationPlatforms) = preSolution
		Debug|Win32 = Debug|Win32
		Debug|x64 = Debug|x64
		MinSizeRel|Win32 = MinSizeRel|Win32
		MinSizeRel|x64 = MinSizeRel|x64
		RelWithDebInfo|Win32 = RelWithDebInfo|Win32
		RelWithDebInfo|x64 = RelWithDebInfo|x64
		Release_NoSTDIO|Win32 = Release_NoSTDIO|Win32
		Release_NoSTDIO|x64 = Release_NoSTDIO|x64
		Release|Win32 = Release|Win32
		Release|x64 = Release|x64
	EndGlobalSection
	GlobalSection(ProjectConfigurationPlatforms) = postSolution
		{137B85C1-682C-4ADA-9805-8578A6378735}.Debug|Win32.ActiveCfg = Debug|Win32
		{137B85C1-682C-4ADA-9805-8578A6378735}.Debug|Win32.Build.0 = Debug|Win32
		{137B85C1-682C-4ADA-9805-8578A6378735}.Debug|x64.ActiveCfg = Debug|Win32
		{137B85C1-682C-4ADA-9805-8578A6378735}.MinSizeRel|Win32.ActiveCfg = MinSizeRel|Win32
		{137B85C1-682C-4ADA-9805-8578A6378735}.MinSizeRel|Win32.Build.0 = MinSizeRel|Win32
		{137B85C1-682C-4ADA-9805-8578A6378735}.MinSizeRel|x64.ActiveCfg = MinSizeRel|Win32
		{137B85C1-682C-4ADA-9805-8578A6378735}.RelWithDebInfo|Win32.ActiveCfg = RelWithDebInfo|Win32
		{137B85C1-682C-4ADA-9805-8578A6378735}.RelWithDebInfo|Win32.Build.0 = RelWithDebInfo|Win32
		{137B85C1-682C-4ADA-9805-8578A6378735}.RelWithDebInfo|x64.ActiveCfg = RelWithDebInfo|Win32
		{137B85C1-682C-4ADA-9805-8578A6378735}.Release_NoSTDIO|Win32.ActiveCfg = Release|Win32
		{137B85C1-682C-4ADA-9805-8578A6378735}.Release_NoSTDIO|Win32.Build.0 = Release|Win32
		{137B85C1-682C-4ADA-9805-8578A6378735}.Release_NoSTDIO|x64.ActiveCfg = Release|Win32
		{137B85C1-682C-4ADA-9805-8578A6378735}.Release|Win32.ActiveCfg = Release|Win32
		{137B85C1-682C-4ADA-9805-8578A6378735}.Release|Win32.Build.0 = Release|Win32
		{137B85C1-682C-4ADA-9805-8578A6378735}.Release|x64.ActiveCfg = Release|Win32
		{2BD5534E-00E2-4BEA-AC96-D9A92EA24696}.Debug|Win32.ActiveCfg = Debug|Win32
		{2BD5534E-00E2-4BEA-AC96-D9A92EA24696}.Debug|Win32.Build.0 = Debug|Win32
		{2BD5534E-00E2-4BEA-AC96-D9A92EA24696}.Debug|x64.ActiveCfg = Debug|x64
		{2BD5534E-00E2-4BEA-AC96-D9A92EA24696}.Debug|x64.Build.0 = Debug|x64
		{2BD5534E-00E2-4BEA-AC96-D9A92EA24696}.MinSizeRel|Win32.ActiveCfg = Release|Win32
		{2BD5534E-00E2-4BEA-AC96-D9A92EA24696}.MinSizeRel|Win32.Build.0 = Release|Win32
		{2BD5534E-00E2-4BEA-AC96-D9A92EA24696}.MinSizeRel|x64.ActiveCfg = Release|x64
		{2BD5534E-00E2-4BEA-AC96-D9A92EA24696}.MinSizeRel|x64.Build.0 = Release|x64
		{2BD5534E-00E2-4BEA-AC96-D9A92EA24696}.RelWithDebInfo|Win32.ActiveCfg = Release|Win32
		{2BD5534E-00E2-4BEA-AC96-D9A92EA24696}.RelWithDebInfo|Win32.Build.0 = Release|Win32
		{2BD5534E-00E2-4BEA-AC96-D9A92EA24696}.RelWithDebInfo|x64.ActiveCfg = Release|x64
		{2BD5534E-00E2-4BEA-AC96-D9A92EA24696}.RelWithDebInfo|x64.Build.0 = Release|x64
		{2BD5534E-00E2-4BEA-AC96-D9A92EA24696}.Release_NoSTDIO|Win32.ActiveCfg = Release|Win32
		{2BD5534E-00E2-4BEA-AC96-D9A92EA24696}.Release_NoSTDIO|Win32.Build.0 = Release|Win32
		{2BD5534E-00E2-4BEA-AC96-D9A92EA24696}.Release_NoSTDIO|x64.ActiveCfg = Release|x64
		{2BD5534E-00E2-4BEA-AC96-D9A92EA24696}.Release_NoSTDIO|x64.Build.0 = Release|x64
		{2BD5534E-00E2-4BEA-AC96-D9A92EA24696}.Release|Win32.ActiveCfg = Release|Win32
		{2BD5534E-00E2-4BEA-AC96-D9A92EA24696}.Release|Win32.Build.0 = Release|Win32
		{2BD5534E-00E2-4BEA-AC96-D9A92EA24696}.Release|x64.ActiveCfg = Release|x64
		{2BD5534E-00E2-4BEA-AC96-D9A92EA24696}.Release|x64.Build.0 = Release|x64
		{783E132D-D30B-4787-A09E-499152B68A60}.Debug|Win32.ActiveCfg = Debug|Win32
		{783E132D-D30B-4787-A09E-499152B68A60}.Debug|Win32.Build.0 = Debug|Win32
		{783E132D-D30B-4787-A09E-499152B68A60}.Debug|x64.ActiveCfg = Debug|Win32
		{783E132D-D30B-4787-A09E-499152B68A60}.MinSizeRel|Win32.ActiveCfg = Release|Win32
		{783E132D-D30B-4787-A09E-499152B68A60}.MinSizeRel|Win32.Build.0 = Release|Win32
		{783E132D-D30B-4787-A09E-499152B68A60}.MinSizeRel|x64.ActiveCfg = Release|Win32
		{783E132D-D30B-4787-A09E-499152B68A60}.RelWithDebInfo|Win32.ActiveCfg = Release|Win32
		{783E132D-D30B-4787-A09E-499152B68A60}.RelWithDebInfo|Win32.Build.0 = Release|Win32
		{783E132D-D30B-4787-A09E-499152B68A60}.RelWithDebInfo|x64.ActiveCfg = Release|Win32
		{783E132D-D30B-4787-A09E-499152B68A60}.Release_NoSTDIO|Win32.ActiveCfg = Release|Win32
		{783E132D-D30B-4787-A09E-499152B68A60}.Release_NoSTDIO|Win32.Build.0 = Release|Win32
		{783E132D-D30B-4787-A09E-499152B68A60}.Release_NoSTDIO|x64.ActiveCfg = Release|Win32
		{783E132D-D30B-4787-A09E-499152B68A60}.Release|Win32.ActiveCfg = Release|Win32
		{783E132D-D30B-4787-A09E-499152B68A60}.Release|Win32.Build.0 = Release|Win32
		{783E132D-D30B-4787-A09E-499152B68A60}.Release|x64.ActiveCfg = Release|Win32
		{81CE8DAF-EBB2-4761-8E45-B71ABCCA8C68}.Debug|Win32.ActiveCfg = Debug|Win32
		{81CE8DAF-EBB2-4761-8E45-B71ABCCA8C68}.Debug|Win32.Build.0 = Debug|Win32
		{81CE8DAF-EBB2-4761-8E45-B71ABCCA8C68}.Debug|x64.ActiveCfg = Debug|x64
		{81CE8DAF-EBB2-4761-8E45-B71ABCCA8C68}.Debug|x64.Build.0 = Debug|x64
		{81CE8DAF-EBB2-4761-8E45-B71ABCCA8C68}.MinSizeRel|Win32.ActiveCfg = Release|Win32
		{81CE8DAF-EBB2-4761-8E45-B71ABCCA8C68}.MinSizeRel|Win32.Build.0 = Release|Win32
		{81CE8DAF-EBB2-4761-8E45-B71ABCCA8C68}.MinSizeRel|x64.ActiveCfg = Release|x64
		{81CE8DAF-EBB2-4761-8E45-B71ABCCA8C68}.MinSizeRel|x64.Build.0 = Release|x64
		{81CE8DAF-EBB2-4761-8E45-B71ABCCA8C68}.RelWithDebInfo|Win32.ActiveCfg = Release|Win32
		{81CE8DAF-EBB2-4761-8E45-B71ABCCA8C68}.RelWithDebInfo|Win32.Build.0 = Release|Win32
		{81CE8DAF-EBB2-4761-8E45-B71ABCCA8C68}.RelWithDebInfo|x64.ActiveCfg = Release|x64
		{81CE8DAF-EBB2-4761-8E45-B71ABCCA8C68}.RelWithDebInfo|x64.Build.0 = Release|x64
		{81CE8DAF-EBB2-4761-8E45-B71ABCCA8C68}.Release_NoSTDIO|Win32.ActiveCfg = Release|Win32
		{81CE8DAF-EBB2-4761-8E45-B71ABCCA8C68}.Release_NoSTDIO|Win32.Build.0 = Release|Win32
		{81CE8DAF-EBB2-4761-8E45-B71ABCCA8C68}.Release_NoSTDIO|x64.ActiveCfg = Release|x64
		{81CE8DAF-EBB2-4761-8E45-B71ABCCA8C68}.Release_NoSTDIO|x64.Build.0 = Release|x64
		{81CE8DAF-EBB2-4761-8E45-B71ABCCA8C68}.Release|Win32.ActiveCfg = Release|Win32
		{81CE8DAF-EBB2-4761-8E45-B71ABCCA8C68}.Release|Win32.Build.0 = Release|Win32
		{81CE8DAF-EBB2-4761-8E45-B71ABCCA8C68}.Release|x64.ActiveCfg = Release|x64
		{81CE8DAF-EBB2-4761-8E45-B71ABCCA8C68}.Release|x64.Build.0 = Release|x64
		{ACF994A3-BBCF-44D4-A783-D5E176B9771F}.Debug|Win32.ActiveCfg = Debug|Win32
		{ACF994A3-BBCF-44D4-A783-D5E176B9771F}.Debug|Win32.Build.0 = Debug|Win32
		{ACF994A3-BBCF-44D4-A783-D5E176B9771F}.Debug|x64.ActiveCfg = Debug|Win32
		{ACF994A3-BBCF-44D4-A783-D5E176B9771F}.MinSizeRel|Win32.ActiveCfg = Release|Win32
		{ACF994A3-BBCF-44D4-A783-D5E176B9771F}.MinSizeRel|Win32.Build.0 = Release|Win32
		{ACF994A3-BBCF-44D4-A783-D5E176B9771F}.MinSizeRel|x64.ActiveCfg = Release|Win32
		{ACF994A3-BBCF-44D4-A783-D5E176B9771F}.RelWithDebInfo|Win32.ActiveCfg = Release|Win32
		{ACF994A3-BBCF-44D4-A783-D5E176B9771F}.RelWithDebInfo|Win32.Build.0 = Release|Win32
		{ACF994A3-BBCF-44D4-A783-D5E176B9771F}.RelWithDebInfo|x64.ActiveCfg = Release|Win32
		{ACF994A3-BBCF-44D4-A783-D5E176B9771F}.Release_NoSTDIO|Win32.ActiveCfg = Release|Win32
		{ACF994A3-BBCF-44D4-A783-D5E176B9771F}.Release_NoSTDIO|Win32.Build.0 = Release|Win32
		{ACF994A3-BBCF-44D4-A783-D5E176B9771F}.Release_NoSTDIO|x64.ActiveCfg = Release|Win32
		{ACF994A3-BBCF-44D4-A783-D5E176B9771F}.Release|Win32.ActiveCfg = Release|Win32
		{ACF994A3-BBCF-44D4-A783-D5E176B9771F}.Release|Win32.Build.0 = Release|Win32
		{ACF994A3-BBCF-44D4-A783-D5E176B9771F}.Release|x64.ActiveCfg = Release|Win32
		{D1F69981-F58E-46FB-99A8-18DF89BFA925}.Debug|Win32.ActiveCfg = Debug|Win32
		{D1F69981-F58E-46FB-99A8-18DF89BFA925}.Debug|Win32.Build.0 = Debug|Win32
		{D1F69981-F58E-46FB-99A8-18DF89BFA925}.Debug|x64.ActiveCfg = Debug|Win32
		{D1F69981-F58E-46FB-99A8-18DF89BFA925}.MinSizeRel|Win32.ActiveCfg = Release|Win32
		{D1F69981-F58E-46FB-99A8-18DF89BFA925}.MinSizeRel|Win32.Build.0 = Release|Win32
		{D1F69981-F58E-46FB-99A8-18DF89BFA925}.MinSizeRel|x64.ActiveCfg = Release|Win32
		{D1F69981-F58E-46FB-99A8-18DF89BFA925}.RelWithDebInfo|Win32.ActiveCfg = Release|Win32
		{D1F69981-F58E-46FB-99A8-18DF89BFA925}.RelWithDebInfo|Win32.Build.0 = Release|Win32
		{D1F69981-F58E-46FB-99A8-18DF89BFA925}.RelWithDebInfo|x64.ActiveCfg = Release|Win32
		{D1F69981-F58E-46FB-99A8-18DF89BFA925}.Release_NoSTDIO|Win32.ActiveCfg = Release|Win32
		{D1F69981-F58E-46FB-99A8-18DF89BFA925}.Release_NoSTDIO|Win32.Build.0 = Release|Win32
		{D1F69981-F58E-46FB-99A8-18DF89BFA925}.Release_NoSTDIO|x64.ActiveCfg = Release|Win32
		{D1F69981-F58E-46FB-99A8-18DF89BFA925}.Release|Win32.ActiveCfg = Release|Win32
		{D1F69981-F58E-46FB-99A8-18DF89BFA925}.Release|Win32.Build.0 = Release|Win32
		{D1F69981-F58E-46FB-99A8-18DF89BFA925}.Release|x64.ActiveCfg = Release|Win32
		{D7B0D461-E5E9-484A-BF0E-7E9C5BC63464}.Debug|Win32.ActiveCfg = Debug|Win32
		{D7B0D461-E5E9-484A-BF0E-7E9C5BC63464}.Debug|Win32.Build.0 = Debug|Win32
		{D7B0D461-E5E9-484A-BF0E-7E9C5BC63464}.Debug|x64.ActiveCfg = Debug|Win32
		{D7B0D461-E5E9-484A-BF0E-7E9C5BC63464}.MinSizeRel|Win32.ActiveCfg = Release|Win32
		{D7B0D461-E5E9-484A-BF0E-7E9C5BC63464}.MinSizeRel|Win32.Build.0 = Release|Win32
		{D7B0D461-E5E9-484A-BF0E-7E9C5BC63464}.MinSizeRel|x64.ActiveCfg = Release|Win32
		{D7B0D461-E5E9-484A-BF0E-7E9C5BC63464}.RelWithDebInfo|Win32.ActiveCfg = Release|Win32
		{D7B0D461-E5E9-484A-BF0E-7E9C5BC63464}.RelWithDebInfo|Win32.Build.0 = Release|Win32
		{D7B0D461-E5E9-484A-BF0E-7E9C5BC63464}.RelWithDebInfo|x64.ActiveCfg = Release|Win32
		{D7B0D461-E5E9-484A-BF0E-7E9C5BC63464}.Release_NoSTDIO|Win32.ActiveCfg = Release|Win32
		{D7B0D461-E5E9-484A-BF0E-7E9C5BC63464}.Release_NoSTDIO|Win32.Build.0 = Release|Win32
		{D7B0D461-E5E9-484A-BF0E-7E9C5BC63464}.Release_NoSTDIO|x64.ActiveCfg = Release|Win32
		{D7B0D461-E5E9-484A-BF0E-7E9C5BC63464}.Release|Win32.ActiveCfg = Release|Win32
		{D7B0D461-E5E9-484A-BF0E-7E9C5BC63464}.Release|Win32.Build.0 = Release|Win32
		{D7B0D461-E5E9-484A-BF0E-7E9C5BC63464}.Release|x64.ActiveCfg = Release|Win32
		{DA956FD3-E142-46F2-9DD5-C78BEBB56B7A}.Debug|Win32.ActiveCfg = Debug|Win32
		{DA956FD3-E142-46F2-9DD5-C78BEBB56B7A}.Debug|Win32.Build.0 = Debug|Win32
		{DA956FD3-E142-46F2-9DD5-C78BEBB56B7A}.Debug|x64.ActiveCfg = Debug|x64
		{DA956FD3-E142-46F2-9DD5-C78BEBB56B7A}.Debug|x64.Build.0 = Debug|x64
		{DA956FD3-E142-46F2-9DD5-C78BEBB56B7A}.MinSizeRel|Win32.ActiveCfg = Release_NoSTDIO|Win32
		{DA956FD3-E142-46F2-9DD5-C78BEBB56B7A}.MinSizeRel|Win32.Build.0 = Release_NoSTDIO|Win32
		{DA956FD3-E142-46F2-9DD5-C78BEBB56B7A}.MinSizeRel|x64.ActiveCfg = Release_NoSTDIO|x64
		{DA956FD3-E142-46F2-9DD5-C78BEBB56B7A}.MinSizeRel|x64.Build.0 = Release_NoSTDIO|x64
		{DA956FD3-E142-46F2-9DD5-C78BEBB56B7A}.RelWithDebInfo|Win32.ActiveCfg = Release_NoSTDIO|Win32
		{DA956FD3-E142-46F2-9DD5-C78BEBB56B7A}.RelWithDebInfo|Win32.Build.0 = Release_NoSTDIO|Win32
		{DA956FD3-E142-46F2-9DD5-C78BEBB56B7A}.RelWithDebInfo|x64.ActiveCfg = Release_NoSTDIO|x64
		{DA956FD3-E142-46F2-9DD5-C78BEBB56B7A}.RelWithDebInfo|x64.Build.0 = Release_NoSTDIO|x64
		{DA956FD3-E142-46F2-9DD5-C78BEBB56B7A}.Release_NoSTDIO|Win32.ActiveCfg = Release_NoSTDIO|Win32
		{DA956FD3-E142-46F2-9DD5-C78BEBB56B7A}.Release_NoSTDIO|Win32.Build.0 = Release_NoSTDIO|Win32
		{DA956FD3-E142-46F2-9DD5-C78BEBB56B7A}.Release_NoSTDIO|x64.ActiveCfg = Release_NoSTDIO|x64
		{DA956FD3-E142-46F2-9DD5-C78BEBB56B7A}.Release_NoSTDIO|x64.Build.0 = Release_NoSTDIO|x64
		{DA956FD3-E142-46F2-9DD5-C78BEBB56B7A}.Release|Win32.ActiveCfg = Release|Win32
		{DA956FD3-E142-46F2-9DD5-C78BEBB56B7A}.Release|Win32.Build.0 = Release|Win32
		{DA956FD3-E142-46F2-9DD5-C78BEBB56B7A}.Release|x64.ActiveCfg = Release|x64
		{DA956FD3-E142-46F2-9DD5-C78BEBB56B7A}.Release|x64.Build.0 = Release|x64
		{DE41B54E-63C9-49B0-81AB-15907534CCCB}.Debug|Win32.ActiveCfg = Debug|Win32
		{DE41B54E-63C9-49B0-81AB-15907534CCCB}.Debug|Win32.Build.0 = Debug|Win32
		{DE41B54E-63C9-49B0-81AB-15907534CCCB}.Debug|x64.ActiveCfg = Debug|Win32
		{DE41B54E-63C9-49B0-81AB-15907534CCCB}.MinSizeRel|Win32.ActiveCfg = Release|Win32
		{DE41B54E-63C9-49B0-81AB-15907534CCCB}.MinSizeRel|Win32.Build.0 = Release|Win32
		{DE41B54E-63C9-49B0-81AB-15907534CCCB}.MinSizeRel|x64.ActiveCfg = Release|Win32
		{DE41B54E-63C9-49B0-81AB-15907534CCCB}.RelWithDebInfo|Win32.ActiveCfg = Release|Win32
		{DE41B54E-63C9-49B0-81AB-15907534CCCB}.RelWithDebInfo|Win32.Build.0 = Release|Win32
		{DE41B54E-63C9-49B0-81AB-15907534CCCB}.RelWithDebInfo|x64.ActiveCfg = Release|Win32
		{DE41B54E-63C9-49B0-81AB-15907534CCCB}.Release_NoSTDIO|Win32.ActiveCfg = Release|Win32
		{DE41B54E-63C9-49B0-81AB-15907534CCCB}.Release_NoSTDIO|Win32.Build.0 = Release|Win32
		{DE41B54E-63C9-49B0-81AB-15907534CCCB}.Release_NoSTDIO|x64.ActiveCfg = Release|Win32
		{DE41B54E-63C9-49B0-81AB-15907534CCCB}.Release|Win32.ActiveCfg = Release|Win32
		{DE41B54E-63C9-49B0-81AB-15907534CCCB}.Release|Win32.Build.0 = Release|Win32
		{DE41B54E-63C9-49B0-81AB-15907534CCCB}.Release|x64.ActiveCfg = Release|Win32
		{DEA77913-E936-4FB5-B730-ED12AE6BC962}.Debug|Win32.ActiveCfg = Debug|Win32
		{DEA77913-E936-4FB5-B730-ED12AE6BC962}.Debug|Win32.Build.0 = Debug|Win32
		{DEA77913-E936-4FB5-B730-ED12AE6BC962}.Debug|x64.ActiveCfg = Debug|Win32
		{DEA77913-E936-4FB5-B730-ED12AE6BC962}.MinSizeRel|Win32.ActiveCfg = Release|Win32
		{DEA77913-E936-4FB5-B730-ED12AE6BC962}.MinSizeRel|Win32.Build.0 = Release|Win32
		{DEA77913-E936-4FB5-B730-ED12AE6BC962}.MinSizeRel|x64.ActiveCfg = Release|Win32
		{DEA77913-E936-4FB5-B730-ED12AE6BC962}.RelWithDebInfo|Win32.ActiveCfg = Release|Win32
		{DEA77913-E936-4FB5-B730-ED12AE6BC962}.RelWithDebInfo|Win32.Build.0 = Release|Win32
		{DEA77913-E936-4FB5-B730-ED12AE6BC962}.RelWithDebInfo|x64.ActiveCfg = Release|Win32
		{DEA77913-E936-4FB5-B730-ED12AE6BC962}.Release_NoSTDIO|Win32.ActiveCfg = Release|Win32
		{DEA77913-E936-4FB5-B730-ED12AE6BC962}.Release_NoSTDIO|Win32.Build.0 = Release|Win32
		{DEA77913-E936-4FB5-B730-ED12AE6BC962}.Release_NoSTDIO|x64.ActiveCfg = Release|Win32
		{DEA77913-E936-4FB5-B730-ED12AE6BC962}.Release|Win32.ActiveCfg = Release|Win32
		{DEA77913-E936-4FB5-B730-ED12AE6BC962}.Release|Win32.Build.0 = Release|Win32
		{DEA77913-E936-4FB5-B730-ED12AE6BC962}.Release|x64.ActiveCfg = Release|Win32
	EndGlobalSection
	GlobalSection(SolutionProperties) = preSolution
		HideSolutionNode = FALSE
	EndGlobalSection
	GlobalSection(NestedProjects) = preSolution
		{137B85C1-682C-4ADA-9805-8578A6378735} = {CEC73CA7-B6B5-49BB-ACA3-A2216C10083C}
		{2BD5534E-00E2-4BEA-AC96-D9A92EA24696} = {CEC73CA7-B6B5-49BB-ACA3-A2216C10083C}
		{783E132D-D30B-4787-A09E-499152B68A60} = {38E9A7C5-B835-448B-880F-ACCE165A2A90}
		{81CE8DAF-EBB2-4761-8E45-B71ABCCA8C68} = {CEC73CA7-B6B5-49BB-ACA3-A2216C10083C}
		{D7B0D461-E5E9-484A-BF0E-7E9C5BC63464} = {35E4327B-12A8-44C3-B920-C4C6EE260D60}
		{DA956FD3-E142-46F2-9DD5-C78BEBB56B7A} = {CEC73CA7-B6B5-49BB-ACA3-A2216C10083C}
		{DE41B54E-63C9-49B0-81AB-15907534CCCB} = {38E9A7C5-B835-448B-880F-ACCE165A2A90}
	EndGlobalSection
EndGlobal
