Microsoft Visual Studio Solution File, Format Version 10.00
# Visual Studio 2008
Project("{8BC9CEB8-8B4A-11D0-8D11-00A0C91BC942}") = "Rippl", "Rippl\Rippl.vcproj", "{ACF994A3-BBCF-44D4-A783-D5E176B9771F}"
EndProject
Project("{8BC9CEB8-8B4A-11D0-8D11-00A0C91BC942}") = "SDL2", "..\SDL-2.0.0-6373\VisualC\SDL\SDL_VS2008.vcproj", "{81CE8DAF-EBB2-4761-8E45-B71ABCCA8C68}"
EndProject
Project("{8BC9CEB8-8B4A-11D0-8D11-00A0C91BC942}") = "SDL2main", "..\SDL-2.0.0-6373\VisualC\SDLmain\SDLmain_VS2008.vcproj", "{DA956FD3-E142-46F2-9DD5-C78BEBB56B7A}"
EndProject
Project("{2150E333-8FDC-42A3-9474-1A3956D46DE8}") = "Tests", "Tests", "{38E9A7C5-B835-448B-880F-ACCE165A2A90}"
EndProject
Project("{8BC9CEB8-8B4A-11D0-8D11-00A0C91BC942}") = "Test Interfaces", "Test Interfaces\Test Interfaces.vcproj", "{DE41B54E-63C9-49B0-81AB-15907534CCCB}"
EndProject
Project("{8BC9CEB8-8B4A-11D0-8D11-00A0C91BC942}") = "Test_Scope", "Test_Scope\Test_Scope.vcproj", "{783E132D-D30B-4787-A09E-499152B68A60}"
EndProject
Project("{8BC9CEB8-8B4A-11D0-8D11-00A0C91BC942}") = "SDL_image", "..\SDL_Image\VisualC\SDL_image.vcproj", "{2BD5534E-00E2-4BEA-AC96-D9A92EA24696}"
EndProject
Global
	GlobalSection(SolutionConfigurationPlatforms) = preSolution
		Debug|Win32 = Debug|Win32
		Debug|x64 = Debug|x64
		Release_NoSTDIO|Win32 = Release_NoSTDIO|Win32
		Release_NoSTDIO|x64 = Release_NoSTDIO|x64
		Release|Win32 = Release|Win32
		Release|x64 = Release|x64
	EndGlobalSection
	GlobalSection(ProjectConfigurationPlatforms) = postSolution
		{ACF994A3-BBCF-44D4-A783-D5E176B9771F}.Debug|Win32.ActiveCfg = Debug|Win32
		{ACF994A3-BBCF-44D4-A783-D5E176B9771F}.Debug|Win32.Build.0 = Debug|Win32
		{ACF994A3-BBCF-44D4-A783-D5E176B9771F}.Debug|x64.ActiveCfg = Debug|Win32
		{ACF994A3-BBCF-44D4-A783-D5E176B9771F}.Release_NoSTDIO|Win32.ActiveCfg = Release|Win32
		{ACF994A3-BBCF-44D4-A783-D5E176B9771F}.Release_NoSTDIO|Win32.Build.0 = Release|Win32
		{ACF994A3-BBCF-44D4-A783-D5E176B9771F}.Release_NoSTDIO|x64.ActiveCfg = Release|Win32
		{ACF994A3-BBCF-44D4-A783-D5E176B9771F}.Release|Win32.ActiveCfg = Release|Win32
		{ACF994A3-BBCF-44D4-A783-D5E176B9771F}.Release|Win32.Build.0 = Release|Win32
		{ACF994A3-BBCF-44D4-A783-D5E176B9771F}.Release|x64.ActiveCfg = Release|Win32
		{81CE8DAF-EBB2-4761-8E45-B71ABCCA8C68}.Debug|Win32.ActiveCfg = Debug|Win32
		{81CE8DAF-EBB2-4761-8E45-B71ABCCA8C68}.Debug|Win32.Build.0 = Debug|Win32
		{81CE8DAF-EBB2-4761-8E45-B71ABCCA8C68}.Debug|x64.ActiveCfg = Debug|x64
		{81CE8DAF-EBB2-4761-8E45-B71ABCCA8C68}.Debug|x64.Build.0 = Debug|x64
		{81CE8DAF-EBB2-4761-8E45-B71ABCCA8C68}.Release_NoSTDIO|Win32.ActiveCfg = Release|x64
		{81CE8DAF-EBB2-4761-8E45-B71ABCCA8C68}.Release_NoSTDIO|x64.ActiveCfg = Release|x64
		{81CE8DAF-EBB2-4761-8E45-B71ABCCA8C68}.Release_NoSTDIO|x64.Build.0 = Release|x64
		{81CE8DAF-EBB2-4761-8E45-B71ABCCA8C68}.Release|Win32.ActiveCfg = Release|Win32
		{81CE8DAF-EBB2-4761-8E45-B71ABCCA8C68}.Release|Win32.Build.0 = Release|Win32
		{81CE8DAF-EBB2-4761-8E45-B71ABCCA8C68}.Release|x64.ActiveCfg = Release|x64
		{81CE8DAF-EBB2-4761-8E45-B71ABCCA8C68}.Release|x64.Build.0 = Release|x64
		{DA956FD3-E142-46F2-9DD5-C78BEBB56B7A}.Debug|Win32.ActiveCfg = Debug|Win32
		{DA956FD3-E142-46F2-9DD5-C78BEBB56B7A}.Debug|Win32.Build.0 = Debug|Win32
		{DA956FD3-E142-46F2-9DD5-C78BEBB56B7A}.Debug|x64.ActiveCfg = Debug|x64
		{DA956FD3-E142-46F2-9DD5-C78BEBB56B7A}.Debug|x64.Build.0 = Debug|x64
		{DA956FD3-E142-46F2-9DD5-C78BEBB56B7A}.Release_NoSTDIO|Win32.ActiveCfg = Release_NoSTDIO|Win32
		{DA956FD3-E142-46F2-9DD5-C78BEBB56B7A}.Release_NoSTDIO|Win32.Build.0 = Release_NoSTDIO|Win32
		{DA956FD3-E142-46F2-9DD5-C78BEBB56B7A}.Release_NoSTDIO|x64.ActiveCfg = Release_NoSTDIO|x64
		{DA956FD3-E142-46F2-9DD5-C78BEBB56B7A}.Release_NoSTDIO|x64.Build.0 = Release_NoSTDIO|x64
		{DA956FD3-E142-46F2-9DD5-C78BEBB56B7A}.Release|Win32.ActiveCfg = Release|Win32
		{DA956FD3-E142-46F2-9DD5-C78BEBB56B7A}.Release|Win32.Build.0 = Release|Win32
		{DA956FD3-E142-46F2-9DD5-C78BEBB56B7A}.Release|x64.ActiveCfg = Release|x64
		{DA956FD3-E142-46F2-9DD5-C78BEBB56B7A}.Release|x64.Build.0 = Release|x64
		{DE41B54E-63C9-49B0-81AB-15907534CCCB}.Debug|Win32.ActiveCfg = Debug|Win32
		{DE41B54E-63C9-49B0-81AB-15907534CCCB}.Debug|Win32.Build.0 = Debug|Win32
		{DE41B54E-63C9-49B0-81AB-15907534CCCB}.Debug|x64.ActiveCfg = Debug|Win32
		{DE41B54E-63C9-49B0-81AB-15907534CCCB}.Release_NoSTDIO|Win32.ActiveCfg = Release|Win32
		{DE41B54E-63C9-49B0-81AB-15907534CCCB}.Release_NoSTDIO|Win32.Build.0 = Release|Win32
		{DE41B54E-63C9-49B0-81AB-15907534CCCB}.Release_NoSTDIO|x64.ActiveCfg = Release|Win32
		{DE41B54E-63C9-49B0-81AB-15907534CCCB}.Release|Win32.ActiveCfg = Release|Win32
		{DE41B54E-63C9-49B0-81AB-15907534CCCB}.Release|Win32.Build.0 = Release|Win32
		{DE41B54E-63C9-49B0-81AB-15907534CCCB}.Release|x64.ActiveCfg = Release|Win32
		{783E132D-D30B-4787-A09E-499152B68A60}.Debug|Win32.ActiveCfg = Debug|Win32
		{783E132D-D30B-4787-A09E-499152B68A60}.Debug|Win32.Build.0 = Debug|Win32
		{783E132D-D30B-4787-A09E-499152B68A60}.Debug|x64.ActiveCfg = Debug|Win32
		{783E132D-D30B-4787-A09E-499152B68A60}.Release_NoSTDIO|Win32.ActiveCfg = Release|Win32
		{783E132D-D30B-4787-A09E-499152B68A60}.Release_NoSTDIO|Win32.Build.0 = Release|Win32
		{783E132D-D30B-4787-A09E-499152B68A60}.Release_NoSTDIO|x64.ActiveCfg = Release|Win32
		{783E132D-D30B-4787-A09E-499152B68A60}.Release|Win32.ActiveCfg = Release|Win32
		{783E132D-D30B-4787-A09E-499152B68A60}.Release|Win32.Build.0 = Release|Win32
		{783E132D-D30B-4787-A09E-499152B68A60}.Release|x64.ActiveCfg = Release|Win32
		{2BD5534E-00E2-4BEA-AC96-D9A92EA24696}.Debug|Win32.ActiveCfg = Debug|Win32
		{2BD5534E-00E2-4BEA-AC96-D9A92EA24696}.Debug|Win32.Build.0 = Debug|Win32
		{2BD5534E-00E2-4BEA-AC96-D9A92EA24696}.Debug|x64.ActiveCfg = Debug|Win32
		{2BD5534E-00E2-4BEA-AC96-D9A92EA24696}.Release_NoSTDIO|Win32.ActiveCfg = Release|Win32
		{2BD5534E-00E2-4BEA-AC96-D9A92EA24696}.Release_NoSTDIO|Win32.Build.0 = Release|Win32
		{2BD5534E-00E2-4BEA-AC96-D9A92EA24696}.Release_NoSTDIO|x64.ActiveCfg = Release|Win32
		{2BD5534E-00E2-4BEA-AC96-D9A92EA24696}.Release|Win32.ActiveCfg = Release|Win32
		{2BD5534E-00E2-4BEA-AC96-D9A92EA24696}.Release|Win32.Build.0 = Release|Win32
		{2BD5534E-00E2-4BEA-AC96-D9A92EA24696}.Release|x64.ActiveCfg = Release|Win32
	EndGlobalSection
	GlobalSection(SolutionProperties) = preSolution
		HideSolutionNode = FALSE
	EndGlobalSection
	GlobalSection(NestedProjects) = preSolution
		{DE41B54E-63C9-49B0-81AB-15907534CCCB} = {38E9A7C5-B835-448B-880F-ACCE165A2A90}
		{783E132D-D30B-4787-A09E-499152B68A60} = {38E9A7C5-B835-448B-880F-ACCE165A2A90}
	EndGlobalSection
EndGlobal
